
Microsoft Visual Studio Solution File, Format Version 12.00
# Visual Studio 15
VisualStudioVersion = 15.0.28307.1231
MinimumVisualStudioVersion = 10.0.40219.1
Project("{2150E333-8FDC-42A3-9474-1A3956D46DE8}") = "UI Examples", "UI Examples", "{38A13B9E-DD9A-48B1-984C-9D0C2E6365E9}"
EndProject
Project("{2150E333-8FDC-42A3-9474-1A3956D46DE8}") = "Plugin Examples", "Plugin Examples", "{614D6304-103F-42E1-A688-708C5952EBCE}"
EndProject
Project("{8BC9CEB8-8B4A-11D0-8D11-00A0C91BC942}") = "WX Example", "UI Examples\WX Example\WX Example.vcxproj", "{6BD109E1-A3C7-4EF7-8EBB-8A98AAA1784C}"
EndProject
Project("{8BC9CEB8-8B4A-11D0-8D11-00A0C91BC942}") = "UIPluginBase", "UIPluginBase\UIPluginBase.vcxproj", "{E491EC5F-97B0-4CEF-ADDC-1159D8B7D159}"
EndProject
Project("{8BC9CEB8-8B4A-11D0-8D11-00A0C91BC942}") = "BasicEvents", "Plugin Examples\BasicEvents\BasicEvents.vcxproj", "{F917F864-8744-4A67-AC57-5E6222312450}"
EndProject
Project("{8BC9CEB8-8B4A-11D0-8D11-00A0C91BC942}") = "MFC Example", "UI Examples\MFC Example\MFC Example.vcxproj", "{45FC18A0-7B9A-43CB-A9E6-2D1B3B208D6E}"
EndProject
Global
	GlobalSection(SolutionConfigurationPlatforms) = preSolution
		Debug|x64 = Debug|x64
		Debug|x86 = Debug|x86
		Release|x64 = Release|x64
		Release|x86 = Release|x86
	EndGlobalSection
	GlobalSection(ProjectConfigurationPlatforms) = postSolution
		{6BD109E1-A3C7-4EF7-8EBB-8A98AAA1784C}.Debug|x64.ActiveCfg = Debug|x64
		{6BD109E1-A3C7-4EF7-8EBB-8A98AAA1784C}.Debug|x64.Build.0 = Debug|x64
		{6BD109E1-A3C7-4EF7-8EBB-8A98AAA1784C}.Debug|x86.ActiveCfg = Debug|Win32
		{6BD109E1-A3C7-4EF7-8EBB-8A98AAA1784C}.Debug|x86.Build.0 = Debug|Win32
		{6BD109E1-A3C7-4EF7-8EBB-8A98AAA1784C}.Release|x64.ActiveCfg = Release|x64
		{6BD109E1-A3C7-4EF7-8EBB-8A98AAA1784C}.Release|x64.Build.0 = Release|x64
		{6BD109E1-A3C7-4EF7-8EBB-8A98AAA1784C}.Release|x86.ActiveCfg = Release|Win32
		{6BD109E1-A3C7-4EF7-8EBB-8A98AAA1784C}.Release|x86.Build.0 = Release|Win32
		{E491EC5F-97B0-4CEF-ADDC-1159D8B7D159}.Debug|x64.ActiveCfg = Debug|x64
		{E491EC5F-97B0-4CEF-ADDC-1159D8B7D159}.Debug|x64.Build.0 = Debug|x64
		{E491EC5F-97B0-4CEF-ADDC-1159D8B7D159}.Debug|x86.ActiveCfg = Debug|Win32
		{E491EC5F-97B0-4CEF-ADDC-1159D8B7D159}.Debug|x86.Build.0 = Debug|Win32
		{E491EC5F-97B0-4CEF-ADDC-1159D8B7D159}.Release|x64.ActiveCfg = Release|x64
		{E491EC5F-97B0-4CEF-ADDC-1159D8B7D159}.Release|x64.Build.0 = Release|x64
		{E491EC5F-97B0-4CEF-ADDC-1159D8B7D159}.Release|x86.ActiveCfg = Release|Win32
		{E491EC5F-97B0-4CEF-ADDC-1159D8B7D159}.Release|x86.Build.0 = Release|Win32
		{F917F864-8744-4A67-AC57-5E6222312450}.Debug|x64.ActiveCfg = Debug|x64
		{F917F864-8744-4A67-AC57-5E6222312450}.Debug|x64.Build.0 = Debug|x64
		{F917F864-8744-4A67-AC57-5E6222312450}.Debug|x86.ActiveCfg = Debug|Win32
		{F917F864-8744-4A67-AC57-5E6222312450}.Debug|x86.Build.0 = Debug|Win32
		{F917F864-8744-4A67-AC57-5E6222312450}.Release|x64.ActiveCfg = Release|x64
		{F917F864-8744-4A67-AC57-5E6222312450}.Release|x64.Build.0 = Release|x64
		{F917F864-8744-4A67-AC57-5E6222312450}.Release|x86.ActiveCfg = Release|Win32
		{F917F864-8744-4A67-AC57-5E6222312450}.Release|x86.Build.0 = Release|Win32
		{45FC18A0-7B9A-43CB-A9E6-2D1B3B208D6E}.Debug|x64.ActiveCfg = Debug|x64
		{45FC18A0-7B9A-43CB-A9E6-2D1B3B208D6E}.Debug|x64.Build.0 = Debug|x64
		{45FC18A0-7B9A-43CB-A9E6-2D1B3B208D6E}.Debug|x86.ActiveCfg = Debug|Win32
		{45FC18A0-7B9A-43CB-A9E6-2D1B3B208D6E}.Debug|x86.Build.0 = Debug|Win32
		{45FC18A0-7B9A-43CB-A9E6-2D1B3B208D6E}.Release|x64.ActiveCfg = Release|x64
		{45FC18A0-7B9A-43CB-A9E6-2D1B3B208D6E}.Release|x64.Build.0 = Release|x64
		{45FC18A0-7B9A-43CB-A9E6-2D1B3B208D6E}.Release|x86.ActiveCfg = Release|Win32
		{45FC18A0-7B9A-43CB-A9E6-2D1B3B208D6E}.Release|x86.Build.0 = Release|Win32
	EndGlobalSection
	GlobalSection(SolutionProperties) = preSolution
		HideSolutionNode = FALSE
	EndGlobalSection
	GlobalSection(NestedProjects) = preSolution
		{6BD109E1-A3C7-4EF7-8EBB-8A98AAA1784C} = {38A13B9E-DD9A-48B1-984C-9D0C2E6365E9}
		{F917F864-8744-4A67-AC57-5E6222312450} = {614D6304-103F-42E1-A688-708C5952EBCE}
		{45FC18A0-7B9A-43CB-A9E6-2D1B3B208D6E} = {38A13B9E-DD9A-48B1-984C-9D0C2E6365E9}
	EndGlobalSection
	GlobalSection(ExtensibilityGlobals) = postSolution
		SolutionGuid = {858BD694-FA7A-4B5D-B0D0-3A1E384FBF1C}
	EndGlobalSection
EndGlobal
